
Microsoft Visual Studio Solution File, Format Version 12.00
# Visual Studio 15
VisualStudioVersion = 15.0.26730.8
MinimumVisualStudioVersion = 10.0.40219.1
Project("{F184B08F-C81C-45F6-A57F-5ABD9991F28F}") = "erpsimAdminConsole", "erpsimAdminConsole\erpsimAdminConsole.vbproj", "{0FCCA482-1211-4E7B-A2EB-CD80F32F3C76}"
EndProject
Global
	GlobalSection(SolutionConfigurationPlatforms) = preSolution
		Debug|Any CPU = Debug|Any CPU
		Release|Any CPU = Release|Any CPU
	EndGlobalSection
	GlobalSection(ProjectConfigurationPlatforms) = postSolution
		{0FCCA482-1211-4E7B-A2EB-CD80F32F3C76}.Debug|Any CPU.ActiveCfg = Debug|Any CPU
		{0FCCA482-1211-4E7B-A2EB-CD80F32F3C76}.Debug|Any CPU.Build.0 = Debug|Any CPU
		{0FCCA482-1211-4E7B-A2EB-CD80F32F3C76}.Release|Any CPU.ActiveCfg = Release|Any CPU
		{0FCCA482-1211-4E7B-A2EB-CD80F32F3C76}.Release|Any CPU.Build.0 = Release|Any CPU
	EndGlobalSection
	GlobalSection(SolutionProperties) = preSolution
		HideSolutionNode = FALSE
	EndGlobalSection
	GlobalSection(ExtensibilityGlobals) = postSolution
		SolutionGuid = {AEB5F6A1-2D96-4042-9FBB-120B76D95F83}
	EndGlobalSection
EndGlobal
